{
  "pins" : [
    {
      "identity" : "retroswift",
      "kind" : "remoteSourceControl",
      "location" : "https://github.com/dev-retro/RetroSwift.git",
      "state" : {
        "branch" : "main",
        "revision" : "b726c17231f909545ccba1262186579b6df8454f"
      }
    }
  ],
  "version" : 2
}
